
Microsoft Visual Studio Solution File, Format Version 12.00
# Visual Studio Version 17
VisualStudioVersion = 17.7.33920.267
MinimumVisualStudioVersion = 10.0.40219.1
Project("{FAE04EC0-301F-11D3-BF4B-00C04F79EFBC}") = "MyFirstC#Program", "MyFirstC#Program\MyFirstC#Program.csproj", "{528AF314-CDDA-4C8C-BB8F-33F98BC276E0}"
EndProject
Global
	GlobalSection(SolutionConfigurationPlatforms) = preSolution
		Debug|Any CPU = Debug|Any CPU
		Release|Any CPU = Release|Any CPU
	EndGlobalSection
	GlobalSection(ProjectConfigurationPlatforms) = postSolution
		{528AF314-CDDA-4C8C-BB8F-33F98BC276E0}.Debug|Any CPU.ActiveCfg = Debug|Any CPU
		{528AF314-CDDA-4C8C-BB8F-33F98BC276E0}.Debug|Any CPU.Build.0 = Debug|Any CPU
		{528AF314-CDDA-4C8C-BB8F-33F98BC276E0}.Release|Any CPU.ActiveCfg = Release|Any CPU
		{528AF314-CDDA-4C8C-BB8F-33F98BC276E0}.Release|Any CPU.Build.0 = Release|Any CPU
	EndGlobalSection
	GlobalSection(SolutionProperties) = preSolution
		HideSolutionNode = FALSE
	EndGlobalSection
	GlobalSection(ExtensibilityGlobals) = postSolution
		SolutionGuid = {E9F4C486-0727-4FDC-90D8-E2E7CCF494C2}
	EndGlobalSection
EndGlobal
